
Microsoft Visual Studio Solution File, Format Version 12.00
# Visual Studio Version 17
VisualStudioVersion = 17.5.33414.496
MinimumVisualStudioVersion = 10.0.40219.1
Project("{FAE04EC0-301F-11D3-BF4B-00C04F79EFBC}") = "PracticaMVC", "PracticaMVC\PracticaMVC.csproj", "{F64EA5FF-D2BF-43C0-B238-142DE72D3745}"
EndProject
Global
	GlobalSection(SolutionConfigurationPlatforms) = preSolution
		Debug|Any CPU = Debug|Any CPU
		Release|Any CPU = Release|Any CPU
	EndGlobalSection
	GlobalSection(ProjectConfigurationPlatforms) = postSolution
		{F64EA5FF-D2BF-43C0-B238-142DE72D3745}.Debug|Any CPU.ActiveCfg = Debug|Any CPU
		{F64EA5FF-D2BF-43C0-B238-142DE72D3745}.Debug|Any CPU.Build.0 = Debug|Any CPU
		{F64EA5FF-D2BF-43C0-B238-142DE72D3745}.Release|Any CPU.ActiveCfg = Release|Any CPU
		{F64EA5FF-D2BF-43C0-B238-142DE72D3745}.Release|Any CPU.Build.0 = Release|Any CPU
	EndGlobalSection
	GlobalSection(SolutionProperties) = preSolution
		HideSolutionNode = FALSE
	EndGlobalSection
	GlobalSection(ExtensibilityGlobals) = postSolution
		SolutionGuid = {773A0769-4727-4935-B2BC-0ADE5A08030B}
	EndGlobalSection
EndGlobal
